// !$*UTF8*$!
{
	archiveVersion = 1;
	classes = {
	};
	objectVersion = 48;
	objects = {

/* Begin PBXBuildFile section */
		03288F8E1FF07C4C00C79B5B /* json_data in Resources */ = {isa = PBXBuildFile; fileRef = 03288F8D1FF07C4C00C79B5B /* json_data */; };
		03288F8F1FF07C4C00C79B5B /* json_data in Resources */ = {isa = PBXBuildFile; fileRef = 03288F8D1FF07C4C00C79B5B /* json_data */; };
		03EF02761FEEABDE008F0EA1 /* AppDelegate.swift in Sources */ = {isa = PBXBuildFile; fileRef = 03EF02751FEEABDE008F0EA1 /* AppDelegate.swift */; };
		03EF02781FEEABDE008F0EA1 /* Assets.xcassets in Resources */ = {isa = PBXBuildFile; fileRef = 03EF02771FEEABDE008F0EA1 /* Assets.xcassets */; };
		03EF027B1FEEABDE008F0EA1 /* MainMenu.xib in Resources */ = {isa = PBXBuildFile; fileRef = 03EF02791FEEABDE008F0EA1 /* MainMenu.xib */; };
		03EF02841FEEACAE008F0EA1 /* epi_r.csv in Resources */ = {isa = PBXBuildFile; fileRef = 03EF02831FEEACAE008F0EA1 /* epi_r.csv */; };
		03EF02861FEEAD66008F0EA1 /* Recipe.swift in Sources */ = {isa = PBXBuildFile; fileRef = 03EF02851FEEAD66008F0EA1 /* Recipe.swift */; };
		03EF02881FEEAD7D008F0EA1 /* DataExtractor.swift in Sources */ = {isa = PBXBuildFile; fileRef = 03EF02871FEEAD7D008F0EA1 /* DataExtractor.swift */; };
		03EF02901FEEC061008F0EA1 /* recipe_networkTests.swift in Sources */ = {isa = PBXBuildFile; fileRef = 03EF028F1FEEC061008F0EA1 /* recipe_networkTests.swift */; };
		03EF02971FEEC194008F0EA1 /* DataExtractor.swift in Sources */ = {isa = PBXBuildFile; fileRef = 03EF02871FEEAD7D008F0EA1 /* DataExtractor.swift */; };
		03EF02981FEF6AB2008F0EA1 /* Recipe.swift in Sources */ = {isa = PBXBuildFile; fileRef = 03EF02851FEEAD66008F0EA1 /* Recipe.swift */; };
		03EF029A1FEF6E1C008F0EA1 /* README.md in Resources */ = {isa = PBXBuildFile; fileRef = 03EF02991FEF6E1C008F0EA1 /* README.md */; };
		03EF029C1FF04F45008F0EA1 /* ingredients.txt in Resources */ = {isa = PBXBuildFile; fileRef = 03EF029B1FF04F45008F0EA1 /* ingredients.txt */; };
		03EF029D1FF04F45008F0EA1 /* ingredients.txt in Resources */ = {isa = PBXBuildFile; fileRef = 03EF029B1FF04F45008F0EA1 /* ingredients.txt */; };
		03EF029F1FF060B7008F0EA1 /* epi_r_small.csv in Resources */ = {isa = PBXBuildFile; fileRef = 03EF029E1FF060B7008F0EA1 /* epi_r_small.csv */; };
		03EF02A01FF060B7008F0EA1 /* epi_r_small.csv in Resources */ = {isa = PBXBuildFile; fileRef = 03EF029E1FF060B7008F0EA1 /* epi_r_small.csv */; };
/* End PBXBuildFile section */

/* Begin PBXContainerItemProxy section */
		03EF02921FEEC061008F0EA1 /* PBXContainerItemProxy */ = {
			isa = PBXContainerItemProxy;
			containerPortal = 03EF026A1FEEABDE008F0EA1 /* Project object */;
			proxyType = 1;
			remoteGlobalIDString = 03EF02711FEEABDE008F0EA1;
			remoteInfo = "recipe network";
		};
/* End PBXContainerItemProxy section */

/* Begin PBXFileReference section */
		03288F8D1FF07C4C00C79B5B /* json_data */ = {isa = PBXFileReference; lastKnownFileType = folder; path = json_data; sourceTree = "<group>"; };
		03EF02721FEEABDE008F0EA1 /* recipe network.app */ = {isa = PBXFileReference; explicitFileType = wrapper.application; includeInIndex = 0; path = "recipe network.app"; sourceTree = BUILT_PRODUCTS_DIR; };
		03EF02751FEEABDE008F0EA1 /* AppDelegate.swift */ = {isa = PBXFileReference; lastKnownFileType = sourcecode.swift; path = AppDelegate.swift; sourceTree = "<group>"; };
		03EF02771FEEABDE008F0EA1 /* Assets.xcassets */ = {isa = PBXFileReference; lastKnownFileType = folder.assetcatalog; path = Assets.xcassets; sourceTree = "<group>"; };
		03EF027A1FEEABDE008F0EA1 /* Base */ = {isa = PBXFileReference; lastKnownFileType = file.xib; name = Base; path = Base.lproj/MainMenu.xib; sourceTree = "<group>"; };
		03EF027C1FEEABDE008F0EA1 /* Info.plist */ = {isa = PBXFileReference; lastKnownFileType = text.plist.xml; path = Info.plist; sourceTree = "<group>"; };
		03EF027D1FEEABDE008F0EA1 /* recipe_network.entitlements */ = {isa = PBXFileReference; lastKnownFileType = text.plist.entitlements; path = recipe_network.entitlements; sourceTree = "<group>"; };
		03EF02831FEEACAE008F0EA1 /* epi_r.csv */ = {isa = PBXFileReference; fileEncoding = 4; lastKnownFileType = text; path = epi_r.csv; sourceTree = "<group>"; };
		03EF02851FEEAD66008F0EA1 /* Recipe.swift */ = {isa = PBXFileReference; lastKnownFileType = sourcecode.swift; path = Recipe.swift; sourceTree = "<group>"; };
		03EF02871FEEAD7D008F0EA1 /* DataExtractor.swift */ = {isa = PBXFileReference; lastKnownFileType = sourcecode.swift; path = DataExtractor.swift; sourceTree = "<group>"; };
		03EF028D1FEEC061008F0EA1 /* recipe networkTests.xctest */ = {isa = PBXFileReference; explicitFileType = wrapper.cfbundle; includeInIndex = 0; path = "recipe networkTests.xctest"; sourceTree = BUILT_PRODUCTS_DIR; };
		03EF028F1FEEC061008F0EA1 /* recipe_networkTests.swift */ = {isa = PBXFileReference; lastKnownFileType = sourcecode.swift; path = recipe_networkTests.swift; sourceTree = "<group>"; };
		03EF02911FEEC061008F0EA1 /* Info.plist */ = {isa = PBXFileReference; lastKnownFileType = text.plist.xml; path = Info.plist; sourceTree = "<group>"; };
		03EF02991FEF6E1C008F0EA1 /* README.md */ = {isa = PBXFileReference; lastKnownFileType = net.daringfireball.markdown; path = README.md; sourceTree = "<group>"; };
		03EF029B1FF04F45008F0EA1 /* ingredients.txt */ = {isa = PBXFileReference; fileEncoding = 4; lastKnownFileType = text; path = ingredients.txt; sourceTree = "<group>"; };
		03EF029E1FF060B7008F0EA1 /* epi_r_small.csv */ = {isa = PBXFileReference; fileEncoding = 4; lastKnownFileType = text; path = epi_r_small.csv; sourceTree = "<group>"; };
/* End PBXFileReference section */

/* Begin PBXFrameworksBuildPhase section */
		03EF026F1FEEABDE008F0EA1 /* Frameworks */ = {
			isa = PBXFrameworksBuildPhase;
			buildActionMask = 2147483647;
			files = (
			);
			runOnlyForDeploymentPostprocessing = 0;
		};
		03EF028A1FEEC061008F0EA1 /* Frameworks */ = {
			isa = PBXFrameworksBuildPhase;
			buildActionMask = 2147483647;
			files = (
			);
			runOnlyForDeploymentPostprocessing = 0;
		};
/* End PBXFrameworksBuildPhase section */

/* Begin PBXGroup section */
		03EF02691FEEABDE008F0EA1 = {
			isa = PBXGroup;
			children = (
				03EF02741FEEABDE008F0EA1 /* recipe network */,
				03EF028E1FEEC061008F0EA1 /* recipe networkTests */,
				03EF02731FEEABDE008F0EA1 /* Products */,
			);
			sourceTree = "<group>";
		};
		03EF02731FEEABDE008F0EA1 /* Products */ = {
			isa = PBXGroup;
			children = (
				03EF02721FEEABDE008F0EA1 /* recipe network.app */,
				03EF028D1FEEC061008F0EA1 /* recipe networkTests.xctest */,
			);
			name = Products;
			sourceTree = "<group>";
		};
		03EF02741FEEABDE008F0EA1 /* recipe network */ = {
			isa = PBXGroup;
			children = (
				03EF02991FEF6E1C008F0EA1 /* README.md */,
				03288F8D1FF07C4C00C79B5B /* json_data */,
				03EF02751FEEABDE008F0EA1 /* AppDelegate.swift */,
				03EF02771FEEABDE008F0EA1 /* Assets.xcassets */,
				03EF02791FEEABDE008F0EA1 /* MainMenu.xib */,
				03EF027C1FEEABDE008F0EA1 /* Info.plist */,
				03EF029B1FF04F45008F0EA1 /* ingredients.txt */,
				03EF029E1FF060B7008F0EA1 /* epi_r_small.csv */,
				03EF02831FEEACAE008F0EA1 /* epi_r.csv */,
				03EF02851FEEAD66008F0EA1 /* Recipe.swift */,
				03EF02871FEEAD7D008F0EA1 /* DataExtractor.swift */,
				03EF027D1FEEABDE008F0EA1 /* recipe_network.entitlements */,
			);
			path = "recipe network";
			sourceTree = "<group>";
		};
		03EF028E1FEEC061008F0EA1 /* recipe networkTests */ = {
			isa = PBXGroup;
			children = (
				03EF028F1FEEC061008F0EA1 /* recipe_networkTests.swift */,
				03EF02911FEEC061008F0EA1 /* Info.plist */,
			);
			path = "recipe networkTests";
			sourceTree = "<group>";
		};
/* End PBXGroup section */

/* Begin PBXNativeTarget section */
		03EF02711FEEABDE008F0EA1 /* recipe network */ = {
			isa = PBXNativeTarget;
			buildConfigurationList = 03EF02801FEEABDE008F0EA1 /* Build configuration list for PBXNativeTarget "recipe network" */;
			buildPhases = (
				03EF026E1FEEABDE008F0EA1 /* Sources */,
				03EF026F1FEEABDE008F0EA1 /* Frameworks */,
				03EF02701FEEABDE008F0EA1 /* Resources */,
			);
			buildRules = (
			);
			dependencies = (
			);
			name = "recipe network";
			productName = "recipe network";
			productReference = 03EF02721FEEABDE008F0EA1 /* recipe network.app */;
			productType = "com.apple.product-type.application";
		};
		03EF028C1FEEC061008F0EA1 /* recipe networkTests */ = {
			isa = PBXNativeTarget;
			buildConfigurationList = 03EF02941FEEC061008F0EA1 /* Build configuration list for PBXNativeTarget "recipe networkTests" */;
			buildPhases = (
				03EF02891FEEC061008F0EA1 /* Sources */,
				03EF028A1FEEC061008F0EA1 /* Frameworks */,
				03EF028B1FEEC061008F0EA1 /* Resources */,
			);
			buildRules = (
			);
			dependencies = (
				03EF02931FEEC061008F0EA1 /* PBXTargetDependency */,
			);
			name = "recipe networkTests";
			productName = "recipe networkTests";
			productReference = 03EF028D1FEEC061008F0EA1 /* recipe networkTests.xctest */;
			productType = "com.apple.product-type.bundle.unit-test";
		};
/* End PBXNativeTarget section */

/* Begin PBXProject section */
		03EF026A1FEEABDE008F0EA1 /* Project object */ = {
			isa = PBXProject;
			attributes = {
				LastSwiftUpdateCheck = 0920;
				LastUpgradeCheck = 0920;
				ORGANIZATIONNAME = Bri;
				TargetAttributes = {
					03EF02711FEEABDE008F0EA1 = {
						CreatedOnToolsVersion = 9.2;
						ProvisioningStyle = Automatic;
					};
					03EF028C1FEEC061008F0EA1 = {
						CreatedOnToolsVersion = 9.2;
						ProvisioningStyle = Automatic;
						TestTargetID = 03EF02711FEEABDE008F0EA1;
					};
				};
			};
			buildConfigurationList = 03EF026D1FEEABDE008F0EA1 /* Build configuration list for PBXProject "recipe network" */;
			compatibilityVersion = "Xcode 8.0";
			developmentRegion = en;
			hasScannedForEncodings = 0;
			knownRegions = (
				en,
				Base,
			);
			mainGroup = 03EF02691FEEABDE008F0EA1;
			productRefGroup = 03EF02731FEEABDE008F0EA1 /* Products */;
			projectDirPath = "";
			projectRoot = "";
			targets = (
				03EF02711FEEABDE008F0EA1 /* recipe network */,
				03EF028C1FEEC061008F0EA1 /* recipe networkTests */,
			);
		};
/* End PBXProject section */

/* Begin PBXResourcesBuildPhase section */
		03EF02701FEEABDE008F0EA1 /* Resources */ = {
			isa = PBXResourcesBuildPhase;
			buildActionMask = 2147483647;
			files = (
				03EF02781FEEABDE008F0EA1 /* Assets.xcassets in Resources */,
				03288F8E1FF07C4C00C79B5B /* json_data in Resources */,
				03EF027B1FEEABDE008F0EA1 /* MainMenu.xib in Resources */,
				03EF029F1FF060B7008F0EA1 /* epi_r_small.csv in Resources */,
				03EF029A1FEF6E1C008F0EA1 /* README.md in Resources */,
				03EF02841FEEACAE008F0EA1 /* epi_r.csv in Resources */,
				03EF029C1FF04F45008F0EA1 /* ingredients.txt in Resources */,
			);
			runOnlyForDeploymentPostprocessing = 0;
		};
		03EF028B1FEEC061008F0EA1 /* Resources */ = {
			isa = PBXResourcesBuildPhase;
			buildActionMask = 2147483647;
			files = (
				03288F8F1FF07C4C00C79B5B /* json_data in Resources */,
				03EF02A01FF060B7008F0EA1 /* epi_r_small.csv in Resources */,
				03EF029D1FF04F45008F0EA1 /* ingredients.txt in Resources */,
			);
			runOnlyForDeploymentPostprocessing = 0;
		};
/* End PBXResourcesBuildPhase section */

/* Begin PBXSourcesBuildPhase section */
		03EF026E1FEEABDE008F0EA1 /* Sources */ = {
			isa = PBXSourcesBuildPhase;
			buildActionMask = 2147483647;
			files = (
				03EF02761FEEABDE008F0EA1 /* AppDelegate.swift in Sources */,
				03EF02881FEEAD7D008F0EA1 /* DataExtractor.swift in Sources */,
				03EF02861FEEAD66008F0EA1 /* Recipe.swift in Sources */,
			);
			runOnlyForDeploymentPostprocessing = 0;
		};
		03EF02891FEEC061008F0EA1 /* Sources */ = {
			isa = PBXSourcesBuildPhase;
			buildActionMask = 2147483647;
			files = (
				03EF02981FEF6AB2008F0EA1 /* Recipe.swift in Sources */,
				03EF02971FEEC194008F0EA1 /* DataExtractor.swift in Sources */,
				03EF02901FEEC061008F0EA1 /* recipe_networkTests.swift in Sources */,
			);
			runOnlyForDeploymentPostprocessing = 0;
		};
/* End PBXSourcesBuildPhase section */

/* Begin PBXTargetDependency section */
		03EF02931FEEC061008F0EA1 /* PBXTargetDependency */ = {
			isa = PBXTargetDependency;
			target = 03EF02711FEEABDE008F0EA1 /* recipe network */;
			targetProxy = 03EF02921FEEC061008F0EA1 /* PBXContainerItemProxy */;
		};
/* End PBXTargetDependency section */

/* Begin PBXVariantGroup section */
		03EF02791FEEABDE008F0EA1 /* MainMenu.xib */ = {
			isa = PBXVariantGroup;
			children = (
				03EF027A1FEEABDE008F0EA1 /* Base */,
			);
			name = MainMenu.xib;
			sourceTree = "<group>";
		};
/* End PBXVariantGroup section */

/* Begin XCBuildConfiguration section */
		03EF027E1FEEABDE008F0EA1 /* Debug */ = {
			isa = XCBuildConfiguration;
			buildSettings = {
				ALWAYS_SEARCH_USER_PATHS = NO;
				CLANG_ANALYZER_NONNULL = YES;
				CLANG_ANALYZER_NUMBER_OBJECT_CONVERSION = YES_AGGRESSIVE;
				CLANG_CXX_LANGUAGE_STANDARD = "gnu++14";
				CLANG_CXX_LIBRARY = "libc++";
				CLANG_ENABLE_MODULES = YES;
				CLANG_ENABLE_OBJC_ARC = YES;
				CLANG_WARN_BLOCK_CAPTURE_AUTORELEASING = YES;
				CLANG_WARN_BOOL_CONVERSION = YES;
				CLANG_WARN_COMMA = YES;
				CLANG_WARN_CONSTANT_CONVERSION = YES;
				CLANG_WARN_DIRECT_OBJC_ISA_USAGE = YES_ERROR;
				CLANG_WARN_DOCUMENTATION_COMMENTS = YES;
				CLANG_WARN_EMPTY_BODY = YES;
				CLANG_WARN_ENUM_CONVERSION = YES;
				CLANG_WARN_INFINITE_RECURSION = YES;
				CLANG_WARN_INT_CONVERSION = YES;
				CLANG_WARN_NON_LITERAL_NULL_CONVERSION = YES;
				CLANG_WARN_OBJC_LITERAL_CONVERSION = YES;
				CLANG_WARN_OBJC_ROOT_CLASS = YES_ERROR;
				CLANG_WARN_RANGE_LOOP_ANALYSIS = YES;
				CLANG_WARN_STRICT_PROTOTYPES = YES;
				CLANG_WARN_SUSPICIOUS_MOVE = YES;
				CLANG_WARN_UNGUARDED_AVAILABILITY = YES_AGGRESSIVE;
				CLANG_WARN_UNREACHABLE_CODE = YES;
				CLANG_WARN__DUPLICATE_METHOD_MATCH = YES;
				CODE_SIGN_IDENTITY = "-";
				COPY_PHASE_STRIP = NO;
				DEBUG_INFORMATION_FORMAT = dwarf;
				ENABLE_STRICT_OBJC_MSGSEND = YES;
				ENABLE_TESTABILITY = YES;
				GCC_C_LANGUAGE_STANDARD = gnu11;
				GCC_DYNAMIC_NO_PIC = NO;
				GCC_NO_COMMON_BLOCKS = YES;
				GCC_OPTIMIZATION_LEVEL = 0;
				GCC_PREPROCESSOR_DEFINITIONS = (
					"DEBUG=1",
					"$(inherited)",
				);
				GCC_WARN_64_TO_32_BIT_CONVERSION = YES;
				GCC_WARN_ABOUT_RETURN_TYPE = YES_ERROR;
				GCC_WARN_UNDECLARED_SELECTOR = YES;
				GCC_WARN_UNINITIALIZED_AUTOS = YES_AGGRESSIVE;
				GCC_WARN_UNUSED_FUNCTION = YES;
				GCC_WARN_UNUSED_VARIABLE = YES;
				MACOSX_DEPLOYMENT_TARGET = 10.13;
				MTL_ENABLE_DEBUG_INFO = YES;
				ONLY_ACTIVE_ARCH = YES;
				SDKROOT = macosx;
				SWIFT_ACTIVE_COMPILATION_CONDITIONS = DEBUG;
				SWIFT_OPTIMIZATION_LEVEL = "-Onone";
			};
			name = Debug;
		};
		03EF027F1FEEABDE008F0EA1 /* Release */ = {
			isa = XCBuildConfiguration;
			buildSettings = {
				ALWAYS_SEARCH_USER_PATHS = NO;
				CLANG_ANALYZER_NONNULL = YES;
				CLANG_ANALYZER_NUMBER_OBJECT_CONVERSION = YES_AGGRESSIVE;
				CLANG_CXX_LANGUAGE_STANDARD = "gnu++14";
				CLANG_CXX_LIBRARY = "libc++";
				CLANG_ENABLE_MODULES = YES;
				CLANG_ENABLE_OBJC_ARC = YES;
				CLANG_WARN_BLOCK_CAPTURE_AUTORELEASING = YES;
				CLANG_WARN_BOOL_CONVERSION = YES;
				CLANG_WARN_COMMA = YES;
				CLANG_WARN_CONSTANT_CONVERSION = YES;
				CLANG_WARN_DIRECT_OBJC_ISA_USAGE = YES_ERROR;
				CLANG_WARN_DOCUMENTATION_COMMENTS = YES;
				CLANG_WARN_EMPTY_BODY = YES;
				CLANG_WARN_ENUM_CONVERSION = YES;
				CLANG_WARN_INFINITE_RECURSION = YES;
				CLANG_WARN_INT_CONVERSION = YES;
				CLANG_WARN_NON_LITERAL_NULL_CONVERSION = YES;
				CLANG_WARN_OBJC_LITERAL_CONVERSION = YES;
				CLANG_WARN_OBJC_ROOT_CLASS = YES_ERROR;
				CLANG_WARN_RANGE_LOOP_ANALYSIS = YES;
				CLANG_WARN_STRICT_PROTOTYPES = YES;
				CLANG_WARN_SUSPICIOUS_MOVE = YES;
				CLANG_WARN_UNGUARDED_AVAILABILITY = YES_AGGRESSIVE;
				CLANG_WARN_UNREACHABLE_CODE = YES;
				CLANG_WARN__DUPLICATE_METHOD_MATCH = YES;
				CODE_SIGN_IDENTITY = "-";
				COPY_PHASE_STRIP = NO;
				DEBUG_INFORMATION_FORMAT = "dwarf-with-dsym";
				ENABLE_NS_ASSERTIONS = NO;
				ENABLE_STRICT_OBJC_MSGSEND = YES;
				GCC_C_LANGUAGE_STANDARD = gnu11;
				GCC_NO_COMMON_BLOCKS = YES;
				GCC_WARN_64_TO_32_BIT_CONVERSION = YES;
				GCC_WARN_ABOUT_RETURN_TYPE = YES_ERROR;
				GCC_WARN_UNDECLARED_SELECTOR = YES;
				GCC_WARN_UNINITIALIZED_AUTOS = YES_AGGRESSIVE;
				GCC_WARN_UNUSED_FUNCTION = YES;
				GCC_WARN_UNUSED_VARIABLE = YES;
				MACOSX_DEPLOYMENT_TARGET = 10.13;
				MTL_ENABLE_DEBUG_INFO = NO;
				SDKROOT = macosx;
				SWIFT_OPTIMIZATION_LEVEL = "-Owholemodule";
			};
			name = Release;
		};
		03EF02811FEEABDE008F0EA1 /* Debug */ = {
			isa = XCBuildConfiguration;
			buildSettings = {
				ASSETCATALOG_COMPILER_APPICON_NAME = AppIcon;
				CODE_SIGN_ENTITLEMENTS = "recipe network/recipe_network.entitlements";
				CODE_SIGN_STYLE = Automatic;
				COMBINE_HIDPI_IMAGES = YES;
				INFOPLIST_FILE = "recipe network/Info.plist";
				LD_RUNPATH_SEARCH_PATHS = "$(inherited) @executable_path/../Frameworks";
				PRODUCT_BUNDLE_IDENTIFIER = "com.example.recipe-network";
				PRODUCT_NAME = "$(TARGET_NAME)";
				SWIFT_VERSION = 4.0;
			};
			name = Debug;
		};
		03EF02821FEEABDE008F0EA1 /* Release */ = {
			isa = XCBuildConfiguration;
			buildSettings = {
				ASSETCATALOG_COMPILER_APPICON_NAME = AppIcon;
				CODE_SIGN_ENTITLEMENTS = "recipe network/recipe_network.entitlements";
				CODE_SIGN_STYLE = Automatic;
				COMBINE_HIDPI_IMAGES = YES;
				INFOPLIST_FILE = "recipe network/Info.plist";
				LD_RUNPATH_SEARCH_PATHS = "$(inherited) @executable_path/../Frameworks";
				PRODUCT_BUNDLE_IDENTIFIER = "com.example.recipe-network";
				PRODUCT_NAME = "$(TARGET_NAME)";
				SWIFT_VERSION = 4.0;
			};
			name = Release;
		};
		03EF02951FEEC061008F0EA1 /* Debug */ = {
			isa = XCBuildConfiguration;
			buildSettings = {
				BUNDLE_LOADER = "$(TEST_HOST)";
				CODE_SIGN_STYLE = Automatic;
				COMBINE_HIDPI_IMAGES = YES;
				INFOPLIST_FILE = "recipe networkTests/Info.plist";
				LD_RUNPATH_SEARCH_PATHS = "$(inherited) @executable_path/../Frameworks @loader_path/../Frameworks";
				PRODUCT_BUNDLE_IDENTIFIER = "com.example.recipe-networkTests";
				PRODUCT_NAME = "$(TARGET_NAME)";
				SWIFT_VERSION = 4.0;
				TEST_HOST = "$(BUILT_PRODUCTS_DIR)/recipe network.app/Contents/MacOS/recipe network";
			};
			name = Debug;
		};
		03EF02961FEEC061008F0EA1 /* Release */ = {
			isa = XCBuildConfiguration;
			buildSettings = {
				BUNDLE_LOADER = "$(TEST_HOST)";
				CODE_SIGN_STYLE = Automatic;
				COMBINE_HIDPI_IMAGES = YES;
				INFOPLIST_FILE = "recipe networkTests/Info.plist";
				LD_RUNPATH_SEARCH_PATHS = "$(inherited) @executable_path/../Frameworks @loader_path/../Frameworks";
				PRODUCT_BUNDLE_IDENTIFIER = "com.example.recipe-networkTests";
				PRODUCT_NAME = "$(TARGET_NAME)";
				SWIFT_VERSION = 4.0;
				TEST_HOST = "$(BUILT_PRODUCTS_DIR)/recipe network.app/Contents/MacOS/recipe network";
			};
			name = Release;
		};
/* End XCBuildConfiguration section */

/* Begin XCConfigurationList section */
		03EF026D1FEEABDE008F0EA1 /* Build configuration list for PBXProject "recipe network" */ = {
			isa = XCConfigurationList;
			buildConfigurations = (
				03EF027E1FEEABDE008F0EA1 /* Debug */,
				03EF027F1FEEABDE008F0EA1 /* Release */,
			);
			defaultConfigurationIsVisible = 0;
			defaultConfigurationName = Release;
		};
		03EF02801FEEABDE008F0EA1 /* Build configuration list for PBXNativeTarget "recipe network" */ = {
			isa = XCConfigurationList;
			buildConfigurations = (
				03EF02811FEEABDE008F0EA1 /* Debug */,
				03EF02821FEEABDE008F0EA1 /* Release */,
			);
			defaultConfigurationIsVisible = 0;
			defaultConfigurationName = Release;
		};
		03EF02941FEEC061008F0EA1 /* Build configuration list for PBXNativeTarget "recipe networkTests" */ = {
			isa = XCConfigurationList;
			buildConfigurations = (
				03EF02951FEEC061008F0EA1 /* Debug */,
				03EF02961FEEC061008F0EA1 /* Release */,
			);
			defaultConfigurationIsVisible = 0;
			defaultConfigurationName = Release;
		};
/* End XCConfigurationList section */
	};
	rootObject = 03EF026A1FEEABDE008F0EA1 /* Project object */;
}
